
Microsoft Visual Studio Solution File, Format Version 12.00
# Visual Studio Version 16
VisualStudioVersion = 16.0.809.0
MinimumVisualStudioVersion = 10.0.40219.1
Project("{FAE04EC0-301F-11D3-BF4B-00C04F79EFBC}") = "MTA_P1", "MTA_P1\MTA_P1.csproj", "{AFD14A33-F656-4C2E-A6DC-2D45D2D53BCA}"
EndProject
Project("{FAE04EC0-301F-11D3-BF4B-00C04F79EFBC}") = "MTA_P2", "MTA_P2\MTA_P2.csproj", "{EF4C4002-94F2-4BE3-9021-90228F02A9E8}"
EndProject
Project("{FAE04EC0-301F-11D3-BF4B-00C04F79EFBC}") = "MTA_P3", "MTA_P3\MTA_P3.csproj", "{7D136A61-81DA-40DF-9CB0-C5D402235458}"
EndProject
Project("{FAE04EC0-301F-11D3-BF4B-00C04F79EFBC}") = "MTA_P4", "MTA_P4\MTA_P4.csproj", "{9354D996-BEFE-4FC8-A1A9-4C571E73D29B}"
EndProject
Project("{FAE04EC0-301F-11D3-BF4B-00C04F79EFBC}") = "MTA_P5", "MTA_P5\MTA_P5.csproj", "{245B1C4E-F894-40FB-88BE-E4944B3BF7C2}"
EndProject
Project("{FAE04EC0-301F-11D3-BF4B-00C04F79EFBC}") = "MTA_P6", "MTA_P6\MTA_P6.csproj", "{CD51270A-9449-410C-9256-29F6979300CE}"
EndProject
Project("{FAE04EC0-301F-11D3-BF4B-00C04F79EFBC}") = "MTA_P7", "MTA_P7\MTA_P7.csproj", "{A1F466C2-256D-43C9-A17C-E099EDB0B25F}"
EndProject
Global
	GlobalSection(SolutionConfigurationPlatforms) = preSolution
		Debug|Any CPU = Debug|Any CPU
		Release|Any CPU = Release|Any CPU
	EndGlobalSection
	GlobalSection(ProjectConfigurationPlatforms) = postSolution
		{AFD14A33-F656-4C2E-A6DC-2D45D2D53BCA}.Debug|Any CPU.ActiveCfg = Debug|Any CPU
		{AFD14A33-F656-4C2E-A6DC-2D45D2D53BCA}.Debug|Any CPU.Build.0 = Debug|Any CPU
		{AFD14A33-F656-4C2E-A6DC-2D45D2D53BCA}.Release|Any CPU.ActiveCfg = Release|Any CPU
		{AFD14A33-F656-4C2E-A6DC-2D45D2D53BCA}.Release|Any CPU.Build.0 = Release|Any CPU
		{EF4C4002-94F2-4BE3-9021-90228F02A9E8}.Debug|Any CPU.ActiveCfg = Debug|Any CPU
		{EF4C4002-94F2-4BE3-9021-90228F02A9E8}.Debug|Any CPU.Build.0 = Debug|Any CPU
		{EF4C4002-94F2-4BE3-9021-90228F02A9E8}.Release|Any CPU.ActiveCfg = Release|Any CPU
		{EF4C4002-94F2-4BE3-9021-90228F02A9E8}.Release|Any CPU.Build.0 = Release|Any CPU
		{7D136A61-81DA-40DF-9CB0-C5D402235458}.Debug|Any CPU.ActiveCfg = Debug|Any CPU
		{7D136A61-81DA-40DF-9CB0-C5D402235458}.Debug|Any CPU.Build.0 = Debug|Any CPU
		{7D136A61-81DA-40DF-9CB0-C5D402235458}.Release|Any CPU.ActiveCfg = Release|Any CPU
		{7D136A61-81DA-40DF-9CB0-C5D402235458}.Release|Any CPU.Build.0 = Release|Any CPU
		{9354D996-BEFE-4FC8-A1A9-4C571E73D29B}.Debug|Any CPU.ActiveCfg = Debug|Any CPU
		{9354D996-BEFE-4FC8-A1A9-4C571E73D29B}.Debug|Any CPU.Build.0 = Debug|Any CPU
		{9354D996-BEFE-4FC8-A1A9-4C571E73D29B}.Release|Any CPU.ActiveCfg = Release|Any CPU
		{9354D996-BEFE-4FC8-A1A9-4C571E73D29B}.Release|Any CPU.Build.0 = Release|Any CPU
		{245B1C4E-F894-40FB-88BE-E4944B3BF7C2}.Debug|Any CPU.ActiveCfg = Debug|Any CPU
		{245B1C4E-F894-40FB-88BE-E4944B3BF7C2}.Debug|Any CPU.Build.0 = Debug|Any CPU
		{245B1C4E-F894-40FB-88BE-E4944B3BF7C2}.Release|Any CPU.ActiveCfg = Release|Any CPU
		{245B1C4E-F894-40FB-88BE-E4944B3BF7C2}.Release|Any CPU.Build.0 = Release|Any CPU
		{CD51270A-9449-410C-9256-29F6979300CE}.Debug|Any CPU.ActiveCfg = Debug|Any CPU
		{CD51270A-9449-410C-9256-29F6979300CE}.Debug|Any CPU.Build.0 = Debug|Any CPU
		{CD51270A-9449-410C-9256-29F6979300CE}.Release|Any CPU.ActiveCfg = Release|Any CPU
		{CD51270A-9449-410C-9256-29F6979300CE}.Release|Any CPU.Build.0 = Release|Any CPU
		{A1F466C2-256D-43C9-A17C-E099EDB0B25F}.Debug|Any CPU.ActiveCfg = Debug|Any CPU
		{A1F466C2-256D-43C9-A17C-E099EDB0B25F}.Debug|Any CPU.Build.0 = Debug|Any CPU
		{A1F466C2-256D-43C9-A17C-E099EDB0B25F}.Release|Any CPU.ActiveCfg = Release|Any CPU
		{A1F466C2-256D-43C9-A17C-E099EDB0B25F}.Release|Any CPU.Build.0 = Release|Any CPU
	EndGlobalSection
	GlobalSection(SolutionProperties) = preSolution
		HideSolutionNode = FALSE
	EndGlobalSection
	GlobalSection(ExtensibilityGlobals) = postSolution
		SolutionGuid = {7017B5B9-FA73-4E5D-8E8C-F5E97203E8D4}
	EndGlobalSection
EndGlobal
